
Microsoft Visual Studio Solution File, Format Version 12.00
# Visual Studio Version 16
VisualStudioVersion = 16.0.31911.196
MinimumVisualStudioVersion = 10.0.40219.1
Project("{FAE04EC0-301F-11D3-BF4B-00C04F79EFBC}") = "EmployeeServices", "Employee Services\EmployeeServices.csproj", "{59096ECB-52EB-4817-B522-E99A163B4C62}"
EndProject
Global
	GlobalSection(SolutionConfigurationPlatforms) = preSolution
		Debug|Any CPU = Debug|Any CPU
		Release|Any CPU = Release|Any CPU
	EndGlobalSection
	GlobalSection(ProjectConfigurationPlatforms) = postSolution
		{59096ECB-52EB-4817-B522-E99A163B4C62}.Debug|Any CPU.ActiveCfg = Debug|Any CPU
		{59096ECB-52EB-4817-B522-E99A163B4C62}.Debug|Any CPU.Build.0 = Debug|Any CPU
		{59096ECB-52EB-4817-B522-E99A163B4C62}.Release|Any CPU.ActiveCfg = Release|Any CPU
		{59096ECB-52EB-4817-B522-E99A163B4C62}.Release|Any CPU.Build.0 = Release|Any CPU
	EndGlobalSection
	GlobalSection(SolutionProperties) = preSolution
		HideSolutionNode = FALSE
	EndGlobalSection
	GlobalSection(ExtensibilityGlobals) = postSolution
		SolutionGuid = {DB948CD9-DDA9-4817-9DE7-3F7DA538ADF7}
	EndGlobalSection
EndGlobal
